// !$*UTF8*$!
{
	archiveVersion = 1;
	classes = {
	};
	objectVersion = 63;
	objects = {

/* Begin PBXBuildFile section */
		016645FFAD4A5AC9F3706E71 /* MuscleMapSectionView.swift in Sources */ = {isa = PBXBuildFile; fileRef = D2A541C3AE25B7037F674395 /* MuscleMapSectionView.swift */; };
		08491F807479F11762B760D2 /* README.md in Resources */ = {isa = PBXBuildFile; fileRef = E33D37FF50191201CAED5F9C /* README.md */; };
		08A14F77AC0EB19BDE1DAFF8 /* SVGPathCommand.swift in Sources */ = {isa = PBXBuildFile; fileRef = 5BAA4A7E8F66DD58EA989E93 /* SVGPathCommand.swift */; };
		09C45350C02C7FF86CE3ED5B /* Workout.swift in Sources */ = {isa = PBXBuildFile; fileRef = 3B0A1D93FD4F6E148D8D5373 /* Workout.swift */; };
		0EFE4EC28EA14B32D1DE18A8 /* FemaleBackPaths.swift in Sources */ = {isa = PBXBuildFile; fileRef = 72594DF3921F2EB51E678B4B /* FemaleBackPaths.swift */; };
		1493C566C3545CFC14955C89 /* HapticManager.swift in Sources */ = {isa = PBXBuildFile; fileRef = 8ABE520D189BB8AAA6B8C7BF /* HapticManager.swift */; };
		15E580C18E90FD0FD8D4BED3 /* SQLite in Frameworks */ = {isa = PBXBuildFile; productRef = 0B27030F60CAEAB693832E83 /* SQLite */; };
		15ED353B014B71F048EB6FDA /* WorkoutExercise.swift in Sources */ = {isa = PBXBuildFile; fileRef = D9A767AD0FBFA24267914210 /* WorkoutExercise.swift */; };
		1A7E074EBC5D7F9A8F0E2DFD /* TemplateEditorView.swift in Sources */ = {isa = PBXBuildFile; fileRef = 918FBE4602566C6886D046E4 /* TemplateEditorView.swift */; };
		1B74499B89D2DB010B1C49B5 /* BodyPathData.swift in Sources */ = {isa = PBXBuildFile; fileRef = 2AC9409C9380FE2B58A43A24 /* BodyPathData.swift */; };
		1DEE96E04D9FD918562695AC /* PersonalRecord.swift in Sources */ = {isa = PBXBuildFile; fileRef = 902F2FD738B9BEFF1FC7459F /* PersonalRecord.swift */; };
		20CD449C8B022E77F91C61F9 /* AnimatedBodyView.swift in Sources */ = {isa = PBXBuildFile; fileRef = A33244CA9BF45F4BB38BB82E /* AnimatedBodyView.swift */; };
		2220D312186013FAC08637EE /* ExerciseSet.swift in Sources */ = {isa = PBXBuildFile; fileRef = A80691668A9E01126FAC2607 /* ExerciseSet.swift */; };
		2239453F94A2F6A0832ED51C /* BodyAccessibilityOverlay.swift in Sources */ = {isa = PBXBuildFile; fileRef = 79F040229BA295F3E883BF03 /* BodyAccessibilityOverlay.swift */; };
		2261B823E37D1D05DFF679D9 /* PersonalRecordEvent.swift in Sources */ = {isa = PBXBuildFile; fileRef = 2CAA94F0DCEFF0F500916EEA /* PersonalRecordEvent.swift */; };
		24D04737A46029652FEF792C /* Assets.xcassets in Resources */ = {isa = PBXBuildFile; fileRef = F7488DDE16031AE0301E2E9F /* Assets.xcassets */; };
		2E2D0D165F9A4598EA9852EF /* FitRock_Icon.svg in Resources */ = {isa = PBXBuildFile; fileRef = D7E6D8923F6CDEC6C5DF77A2 /* FitRock_Icon.svg */; };
		31BCA7134F31CE264F02C9C6 /* StatsView.swift in Sources */ = {isa = PBXBuildFile; fileRef = A9B29D33B00D7A1A37D3876A /* StatsView.swift */; };
		38BA4E55834D65007F881E80 /* ColorInterpolation.swift in Sources */ = {isa = PBXBuildFile; fileRef = 1BE04594A30001B14C9B3F2B /* ColorInterpolation.swift */; };
		3DD816BE62BAC676B069C8E9 /* ContentView.swift in Sources */ = {isa = PBXBuildFile; fileRef = 6FE8E7D892070590B4051CFE /* ContentView.swift */; };
		3EEF5E430D75718FF3515E41 /* RecordViewModel.swift in Sources */ = {isa = PBXBuildFile; fileRef = 64BB442E4A1C5714B3947AF6 /* RecordViewModel.swift */; };
		486448229E27ACFA7EE47725 /* MuscleMapView.swift in Sources */ = {isa = PBXBuildFile; fileRef = 68EA400CAF4D1810346664CF /* MuscleMapView.swift */; };
		49B74F3286530280C1D743CE /* PathCache.swift in Sources */ = {isa = PBXBuildFile; fileRef = 58FA452CA613E544A1411691 /* PathCache.swift */; };
		4B4645FBA446FB9B0A71F92C /* MuscleSelection.swift in Sources */ = {isa = PBXBuildFile; fileRef = 306944BE89E9A5DFA28AB296 /* MuscleSelection.swift */; };
		4E0D45E58CB468903E55CE2F /* SelectionHistory.swift in Sources */ = {isa = PBXBuildFile; fileRef = 4F44490EAE6622AAF46AF1D5 /* SelectionHistory.swift */; };
		53354F5DA357808BFFFC7116 /* FemaleFrontPaths.swift in Sources */ = {isa = PBXBuildFile; fileRef = 620B4558803D81B1F584F23A /* FemaleFrontPaths.swift */; };
		5484FD2CC9AEC912C5586864 /* FitRockApp.swift in Sources */ = {isa = PBXBuildFile; fileRef = 0B994B862B58085AE8EB43EB /* FitRockApp.swift */; };
		569095CB7961FDD7ED51E503 /* TemplateListView.swift in Sources */ = {isa = PBXBuildFile; fileRef = 67F9EF14A1781D791A0137E4 /* TemplateListView.swift */; };
		57F34FCF9864216D9C25A52C /* MuscleTooltip.swift in Sources */ = {isa = PBXBuildFile; fileRef = 596740609E5ED44AE590883C /* MuscleTooltip.swift */; };
		5A0048F1ACAD1DC582F9F041 /* HeatmapColorScale.swift in Sources */ = {isa = PBXBuildFile; fileRef = E273489A988416AA2B664F6D /* HeatmapColorScale.swift */; };
		5B8042648C96BAB8EE7129FD /* MaleFrontPaths.swift in Sources */ = {isa = PBXBuildFile; fileRef = 3A0846CD85013C8B57DBDB00 /* MaleFrontPaths.swift */; };
		666448F1A4CF4FB1819650D4 /* BodyRenderer.swift in Sources */ = {isa = PBXBuildFile; fileRef = 2B184987A0C22967F5B54DC0 /* BodyRenderer.swift */; };
		738D4FB4BE5F7F35216B1ABB /* ExerciseTeachingData.swift in Sources */ = {isa = PBXBuildFile; fileRef = 226744D599C7645299145A4C /* ExerciseTeachingData.swift */; };
		801A1234573D23B2A8010BDF /* Exercise.swift in Sources */ = {isa = PBXBuildFile; fileRef = 17BA854EF7B85829F2FA1A92 /* Exercise.swift */; };
		825743CEAD8A04D5678510E9 /* ExerciseLibraryViewModel.swift in Sources */ = {isa = PBXBuildFile; fileRef = E5C6480BB2D39634EE2D0A1B /* ExerciseLibraryViewModel.swift */; };
		82C2507A4D4695A71FAFCB0F /* HomeViewModel.swift in Sources */ = {isa = PBXBuildFile; fileRef = 3F398DE7B7DC8D51E81EC93A /* HomeViewModel.swift */; };
		856B4473A93332EA624BFC1E /* PathBuilder.swift in Sources */ = {isa = PBXBuildFile; fileRef = A420446AA65309C410A53733 /* PathBuilder.swift */; };
		857A4ABCAC4084E1C8FF64DB /* Color+Extensions.swift in Sources */ = {isa = PBXBuildFile; fileRef = 70144B3A8CDFD99ACDECBE5B /* Color+Extensions.swift */; };
		88A84FB1935BB42D74BDB771 /* ZoomableBodyContainer.swift in Sources */ = {isa = PBXBuildFile; fileRef = CA054B42876E8C66CBEE883B /* ZoomableBodyContainer.swift */; };
		89BB4A49B13BA58B08FC0CFB /* HeatmapConfiguration.swift in Sources */ = {isa = PBXBuildFile; fileRef = 29834FB0B5E3F6B433FD35C6 /* HeatmapConfiguration.swift */; };
		8A8D4BCEBEDE636B5C53500B /* MuscleIntensity.swift in Sources */ = {isa = PBXBuildFile; fileRef = 470644EAB710EACA03AEB141 /* MuscleIntensity.swift */; };
		96BBAF94BCD8029E56CF157B /* Enums.swift in Sources */ = {isa = PBXBuildFile; fileRef = E70CBC7D0A47E1018148A297 /* Enums.swift */; };
		96E343D8ADA2AF54A0DC4FB6 /* InteractiveBodyOverlay.swift in Sources */ = {isa = PBXBuildFile; fileRef = 4321424ABDB483685DD824E2 /* InteractiveBodyOverlay.swift */; };
		9A6C6A26CC07E9D96FE1A3EF /* HomeView.swift in Sources */ = {isa = PBXBuildFile; fileRef = 80C735A0C4068F4C595463F8 /* HomeView.swift */; };
		A09F4350AFEB2939041BDB5B /* ExerciseLibraryView.swift in Sources */ = {isa = PBXBuildFile; fileRef = 8E924DBBAB1C2B724FC94C41 /* ExerciseLibraryView.swift */; };
		A0B1496FB8C7B26105DEE6F7 /* MuscleGroupMapper.swift in Sources */ = {isa = PBXBuildFile; fileRef = DBDD499DB8F43AA2F2F3AE7C /* MuscleGroupMapper.swift */; };
		A11304277C14B5AA49472BD0 /* WorkoutTemplate.swift in Sources */ = {isa = PBXBuildFile; fileRef = CD10C7FC76DF0F544781E0E3 /* WorkoutTemplate.swift */; };
		A2479357691777E454F86709 /* StatsViewModel.swift in Sources */ = {isa = PBXBuildFile; fileRef = 5C6920727E2B891F1504C94F /* StatsViewModel.swift */; };
		A25B49D5AB52BFA50C71602C /* MuscleSide.swift in Sources */ = {isa = PBXBuildFile; fileRef = 17D44EB99BE21AB4CC74CBDD /* MuscleSide.swift */; };
		A4A02E9817DC20CB8E6DE179 /* ExerciseSearchView.swift in Sources */ = {isa = PBXBuildFile; fileRef = 3AB1ABEC700E322AD977E310 /* ExerciseSearchView.swift */; };
		A80F4D11963FF8698F2DA0EC /* BodyView.swift in Sources */ = {isa = PBXBuildFile; fileRef = 72B74CBB8FAE44B38F0CDBBD /* BodyView.swift */; };
		A8E041F37AA05188FF64237F /* WorkoutSummaryView.swift in Sources */ = {isa = PBXBuildFile; fileRef = C39B129C7B92DCDCFF32E52E /* WorkoutSummaryView.swift */; };
		C097849E9DEC24312EB87932 /* Theme.swift in Sources */ = {isa = PBXBuildFile; fileRef = 7915A04B06CBBFD074F8BB37 /* Theme.swift */; };
		C09D496D94F153594C64BB77 /* HeatmapLegendUIView.swift in Sources */ = {isa = PBXBuildFile; fileRef = 0DAD40689CA5BD1893CECE01 /* HeatmapLegendUIView.swift */; };
		C3139895F3B4C60220734111 /* FitRock_Icon_Preview.png in Resources */ = {isa = PBXBuildFile; fileRef = CEB69BFE13090F942B0E9AB0 /* FitRock_Icon_Preview.png */; };
		C36047948BDBF6BBC7167525 /* MuscleFill.swift in Sources */ = {isa = PBXBuildFile; fileRef = CD184F379DCCF4E8AD6DB545 /* MuscleFill.swift */; };
		C3D141DCB5F7009E36C7CB07 /* HeatmapLegendView.swift in Sources */ = {isa = PBXBuildFile; fileRef = 07154768A3AF2D4A6993841F /* HeatmapLegendView.swift */; };
		C8C0406A8F85465CABDF715A /* MaleBackPaths.swift in Sources */ = {isa = PBXBuildFile; fileRef = 7EBA4CF1825DD100E9FD93CB /* MaleBackPaths.swift */; };
		CAA5B9687710DBFBA21353F5 /* RecordView.swift in Sources */ = {isa = PBXBuildFile; fileRef = 547941FE44A1EC3BA6623B57 /* RecordView.swift */; };
		D9454616A23E23492E35875F /* SVGPathParser.swift in Sources */ = {isa = PBXBuildFile; fileRef = 85514E6AB27B5C93AD53F2C1 /* SVGPathParser.swift */; };
		DA1648F6AB6B74F54741EADD /* ExerciseDetailView.swift in Sources */ = {isa = PBXBuildFile; fileRef = 982F46D2A9EFC5646224A355 /* ExerciseDetailView.swift */; };
		DBCE2B0CB95DF8FB58653D8F /* PRType.swift in Sources */ = {isa = PBXBuildFile; fileRef = 6A2F89FA935C43B79C8E3974 /* PRType.swift */; };
		E67B45D9A8235B03B147A263 /* BodyViewStyle.swift in Sources */ = {isa = PBXBuildFile; fileRef = 6C6B43E6BDD1CB8DA0B3FEEE /* BodyViewStyle.swift */; };
		E8954074877C370DEAFFCCE8 /* MuscleMapFallbackView.swift in Sources */ = {isa = PBXBuildFile; fileRef = EA7E471BBC6A9A30B90D8511 /* MuscleMapFallbackView.swift */; };
		EBC025172110DB1A794EA890 /* DatabaseManager.swift in Sources */ = {isa = PBXBuildFile; fileRef = 9580E21705E3A554E58D0296 /* DatabaseManager.swift */; };
		EC8A89B87181A541B9E5DF62 /* TemplateViewModel.swift in Sources */ = {isa = PBXBuildFile; fileRef = C6F07AB6B95F48AE612C5CD5 /* TemplateViewModel.swift */; };
		F4A5586CF74B68AB93F8D05B /* SettingsView.swift in Sources */ = {isa = PBXBuildFile; fileRef = 5CDB3F5D1CB4B0DB8B8BA2D8 /* SettingsView.swift */; };
		FDFA479C75FC2142A2FF93EA /* PRService.swift in Sources */ = {isa = PBXBuildFile; fileRef = DC29DBE6D4A73AB3900BDDB1 /* PRService.swift */; };
		FE4143448838DFEDE64352BC /* Muscle.swift in Sources */ = {isa = PBXBuildFile; fileRef = 64BF4E7FBDA39AB2BAEA9FAD /* Muscle.swift */; };

			B10000000000000000000001 /* Equipment.swift in Sources */ = {isa = PBXBuildFile; fileRef = A10000000000000000000001 /* Equipment.swift */; };
			B20000000000000000000001 /* ExerciseInfo.swift in Sources */ = {isa = PBXBuildFile; fileRef = A20000000000000000000001 /* ExerciseInfo.swift */; };
			B30000000000000000000001 /* LocalExerciseDataService.swift in Sources */ = {isa = PBXBuildFile; fileRef = A30000000000000000000001 /* LocalExerciseDataService.swift */; };
			B40000000000000000000001 /* EquipmentDetailView.swift in Sources */ = {isa = PBXBuildFile; fileRef = A40000000000000000000001 /* EquipmentDetailView.swift */; };
			B50000000000000000000001 /* equipments.json in Resources */ = {isa = PBXBuildFile; fileRef = A50000000000000000000001 /* equipments.json */; };
			B60000000000000000000001 /* exercises.json in Resources */ = {isa = PBXBuildFile; fileRef = A60000000000000000000001 /* exercises.json */; };
			B70000000000000000000001 /* muscle_zh_map.json in Resources */ = {isa = PBXBuildFile; fileRef = A70000000000000000000001 /* muscle_zh_map.json */; };

			C30000000000000000000001 /* FlowLayout.swift in Sources */ = {isa = PBXBuildFile; fileRef = C10000000000000000000001 /* FlowLayout.swift */; };
			C40000000000000000000001 /* AsyncExerciseImageView.swift in Sources */ = {isa = PBXBuildFile; fileRef = C20000000000000000000001 /* AsyncExerciseImageView.swift */; };
			C60000000000000000000001 /* ExerciseImages in Resources */ = {isa = PBXBuildFile; fileRef = C50000000000000000000001 /* ExerciseImages */; };
/* End PBXBuildFile section */

/* Begin PBXFileReference section */
		07154768A3AF2D4A6993841F /* HeatmapLegendView.swift */ = {isa = PBXFileReference; lastKnownFileType = sourcecode.swift; path = HeatmapLegendView.swift; sourceTree = "<group>"; };
		0B994B862B58085AE8EB43EB /* FitRockApp.swift */ = {isa = PBXFileReference; lastKnownFileType = sourcecode.swift; path = FitRockApp.swift; sourceTree = "<group>"; };
		0DAD40689CA5BD1893CECE01 /* HeatmapLegendUIView.swift */ = {isa = PBXFileReference; lastKnownFileType = sourcecode.swift; path = HeatmapLegendUIView.swift; sourceTree = "<group>"; };
		17BA854EF7B85829F2FA1A92 /* Exercise.swift */ = {isa = PBXFileReference; lastKnownFileType = sourcecode.swift; path = Exercise.swift; sourceTree = "<group>"; };
		17D44EB99BE21AB4CC74CBDD /* MuscleSide.swift */ = {isa = PBXFileReference; lastKnownFileType = sourcecode.swift; path = MuscleSide.swift; sourceTree = "<group>"; };
		1BE04594A30001B14C9B3F2B /* ColorInterpolation.swift */ = {isa = PBXFileReference; lastKnownFileType = sourcecode.swift; path = ColorInterpolation.swift; sourceTree = "<group>"; };
		226744D599C7645299145A4C /* ExerciseTeachingData.swift */ = {isa = PBXFileReference; lastKnownFileType = sourcecode.swift; path = ExerciseTeachingData.swift; sourceTree = "<group>"; };
		29834FB0B5E3F6B433FD35C6 /* HeatmapConfiguration.swift */ = {isa = PBXFileReference; lastKnownFileType = sourcecode.swift; path = HeatmapConfiguration.swift; sourceTree = "<group>"; };
		2AC9409C9380FE2B58A43A24 /* BodyPathData.swift */ = {isa = PBXFileReference; lastKnownFileType = sourcecode.swift; path = BodyPathData.swift; sourceTree = "<group>"; };
		2B184987A0C22967F5B54DC0 /* BodyRenderer.swift */ = {isa = PBXFileReference; lastKnownFileType = sourcecode.swift; path = BodyRenderer.swift; sourceTree = "<group>"; };
		2CAA94F0DCEFF0F500916EEA /* PersonalRecordEvent.swift */ = {isa = PBXFileReference; lastKnownFileType = sourcecode.swift; path = PersonalRecordEvent.swift; sourceTree = "<group>"; };
		306944BE89E9A5DFA28AB296 /* MuscleSelection.swift */ = {isa = PBXFileReference; lastKnownFileType = sourcecode.swift; path = MuscleSelection.swift; sourceTree = "<group>"; };
		3A0846CD85013C8B57DBDB00 /* MaleFrontPaths.swift */ = {isa = PBXFileReference; lastKnownFileType = sourcecode.swift; path = MaleFrontPaths.swift; sourceTree = "<group>"; };
		3AB1ABEC700E322AD977E310 /* ExerciseSearchView.swift */ = {isa = PBXFileReference; lastKnownFileType = sourcecode.swift; path = ExerciseSearchView.swift; sourceTree = "<group>"; };
		3B0A1D93FD4F6E148D8D5373 /* Workout.swift */ = {isa = PBXFileReference; lastKnownFileType = sourcecode.swift; path = Workout.swift; sourceTree = "<group>"; };
		3F398DE7B7DC8D51E81EC93A /* HomeViewModel.swift */ = {isa = PBXFileReference; lastKnownFileType = sourcecode.swift; path = HomeViewModel.swift; sourceTree = "<group>"; };
		4321424ABDB483685DD824E2 /* InteractiveBodyOverlay.swift */ = {isa = PBXFileReference; lastKnownFileType = sourcecode.swift; path = InteractiveBodyOverlay.swift; sourceTree = "<group>"; };
		470644EAB710EACA03AEB141 /* MuscleIntensity.swift */ = {isa = PBXFileReference; lastKnownFileType = sourcecode.swift; path = MuscleIntensity.swift; sourceTree = "<group>"; };
		4F44490EAE6622AAF46AF1D5 /* SelectionHistory.swift */ = {isa = PBXFileReference; lastKnownFileType = sourcecode.swift; path = SelectionHistory.swift; sourceTree = "<group>"; };
		547941FE44A1EC3BA6623B57 /* RecordView.swift */ = {isa = PBXFileReference; lastKnownFileType = sourcecode.swift; path = RecordView.swift; sourceTree = "<group>"; };
		58688B5A5C9593624135E7E5 /* FitRock.app */ = {isa = PBXFileReference; explicitFileType = wrapper.application; includeInIndex = 0; path = FitRock.app; sourceTree = BUILT_PRODUCTS_DIR; };
		58FA452CA613E544A1411691 /* PathCache.swift */ = {isa = PBXFileReference; lastKnownFileType = sourcecode.swift; path = PathCache.swift; sourceTree = "<group>"; };
		596740609E5ED44AE590883C /* MuscleTooltip.swift */ = {isa = PBXFileReference; lastKnownFileType = sourcecode.swift; path = MuscleTooltip.swift; sourceTree = "<group>"; };
		5BAA4A7E8F66DD58EA989E93 /* SVGPathCommand.swift */ = {isa = PBXFileReference; lastKnownFileType = sourcecode.swift; path = SVGPathCommand.swift; sourceTree = "<group>"; };
		5C6920727E2B891F1504C94F /* StatsViewModel.swift */ = {isa = PBXFileReference; lastKnownFileType = sourcecode.swift; path = StatsViewModel.swift; sourceTree = "<group>"; };
		5CDB3F5D1CB4B0DB8B8BA2D8 /* SettingsView.swift */ = {isa = PBXFileReference; lastKnownFileType = sourcecode.swift; path = SettingsView.swift; sourceTree = "<group>"; };
		620B4558803D81B1F584F23A /* FemaleFrontPaths.swift */ = {isa = PBXFileReference; lastKnownFileType = sourcecode.swift; path = FemaleFrontPaths.swift; sourceTree = "<group>"; };
		64BB442E4A1C5714B3947AF6 /* RecordViewModel.swift */ = {isa = PBXFileReference; lastKnownFileType = sourcecode.swift; path = RecordViewModel.swift; sourceTree = "<group>"; };
		64BF4E7FBDA39AB2BAEA9FAD /* Muscle.swift */ = {isa = PBXFileReference; lastKnownFileType = sourcecode.swift; path = Muscle.swift; sourceTree = "<group>"; };
		67F9EF14A1781D791A0137E4 /* TemplateListView.swift */ = {isa = PBXFileReference; lastKnownFileType = sourcecode.swift; path = TemplateListView.swift; sourceTree = "<group>"; };
		68EA400CAF4D1810346664CF /* MuscleMapView.swift */ = {isa = PBXFileReference; lastKnownFileType = sourcecode.swift; path = MuscleMapView.swift; sourceTree = "<group>"; };
		6A2F89FA935C43B79C8E3974 /* PRType.swift */ = {isa = PBXFileReference; lastKnownFileType = sourcecode.swift; path = PRType.swift; sourceTree = "<group>"; };
		6C6B43E6BDD1CB8DA0B3FEEE /* BodyViewStyle.swift */ = {isa = PBXFileReference; lastKnownFileType = sourcecode.swift; path = BodyViewStyle.swift; sourceTree = "<group>"; };
		6FE8E7D892070590B4051CFE /* ContentView.swift */ = {isa = PBXFileReference; lastKnownFileType = sourcecode.swift; path = ContentView.swift; sourceTree = "<group>"; };
		70144B3A8CDFD99ACDECBE5B /* Color+Extensions.swift */ = {isa = PBXFileReference; lastKnownFileType = sourcecode.swift; path = "Color+Extensions.swift"; sourceTree = "<group>"; };
		72594DF3921F2EB51E678B4B /* FemaleBackPaths.swift */ = {isa = PBXFileReference; lastKnownFileType = sourcecode.swift; path = FemaleBackPaths.swift; sourceTree = "<group>"; };
		72B74CBB8FAE44B38F0CDBBD /* BodyView.swift */ = {isa = PBXFileReference; lastKnownFileType = sourcecode.swift; path = BodyView.swift; sourceTree = "<group>"; };
		7915A04B06CBBFD074F8BB37 /* Theme.swift */ = {isa = PBXFileReference; lastKnownFileType = sourcecode.swift; path = Theme.swift; sourceTree = "<group>"; };
		79F040229BA295F3E883BF03 /* BodyAccessibilityOverlay.swift */ = {isa = PBXFileReference; lastKnownFileType = sourcecode.swift; path = BodyAccessibilityOverlay.swift; sourceTree = "<group>"; };
		7EBA4CF1825DD100E9FD93CB /* MaleBackPaths.swift */ = {isa = PBXFileReference; lastKnownFileType = sourcecode.swift; path = MaleBackPaths.swift; sourceTree = "<group>"; };
		80C735A0C4068F4C595463F8 /* HomeView.swift */ = {isa = PBXFileReference; lastKnownFileType = sourcecode.swift; path = HomeView.swift; sourceTree = "<group>"; };
		85514E6AB27B5C93AD53F2C1 /* SVGPathParser.swift */ = {isa = PBXFileReference; lastKnownFileType = sourcecode.swift; path = SVGPathParser.swift; sourceTree = "<group>"; };
		8ABE520D189BB8AAA6B8C7BF /* HapticManager.swift */ = {isa = PBXFileReference; lastKnownFileType = sourcecode.swift; path = HapticManager.swift; sourceTree = "<group>"; };
		8E924DBBAB1C2B724FC94C41 /* ExerciseLibraryView.swift */ = {isa = PBXFileReference; lastKnownFileType = sourcecode.swift; path = ExerciseLibraryView.swift; sourceTree = "<group>"; };
		902F2FD738B9BEFF1FC7459F /* PersonalRecord.swift */ = {isa = PBXFileReference; lastKnownFileType = sourcecode.swift; path = PersonalRecord.swift; sourceTree = "<group>"; };
		918FBE4602566C6886D046E4 /* TemplateEditorView.swift */ = {isa = PBXFileReference; lastKnownFileType = sourcecode.swift; path = TemplateEditorView.swift; sourceTree = "<group>"; };
		9580E21705E3A554E58D0296 /* DatabaseManager.swift */ = {isa = PBXFileReference; lastKnownFileType = sourcecode.swift; path = DatabaseManager.swift; sourceTree = "<group>"; };
		982F46D2A9EFC5646224A355 /* ExerciseDetailView.swift */ = {isa = PBXFileReference; lastKnownFileType = sourcecode.swift; path = ExerciseDetailView.swift; sourceTree = "<group>"; };
		A33244CA9BF45F4BB38BB82E /* AnimatedBodyView.swift */ = {isa = PBXFileReference; lastKnownFileType = sourcecode.swift; path = AnimatedBodyView.swift; sourceTree = "<group>"; };
		A420446AA65309C410A53733 /* PathBuilder.swift */ = {isa = PBXFileReference; lastKnownFileType = sourcecode.swift; path = PathBuilder.swift; sourceTree = "<group>"; };
		A80691668A9E01126FAC2607 /* ExerciseSet.swift */ = {isa = PBXFileReference; lastKnownFileType = sourcecode.swift; path = ExerciseSet.swift; sourceTree = "<group>"; };
		A9B29D33B00D7A1A37D3876A /* StatsView.swift */ = {isa = PBXFileReference; lastKnownFileType = sourcecode.swift; path = StatsView.swift; sourceTree = "<group>"; };
		C39B129C7B92DCDCFF32E52E /* WorkoutSummaryView.swift */ = {isa = PBXFileReference; lastKnownFileType = sourcecode.swift; path = WorkoutSummaryView.swift; sourceTree = "<group>"; };
		C6F07AB6B95F48AE612C5CD5 /* TemplateViewModel.swift */ = {isa = PBXFileReference; lastKnownFileType = sourcecode.swift; path = TemplateViewModel.swift; sourceTree = "<group>"; };
		CA054B42876E8C66CBEE883B /* ZoomableBodyContainer.swift */ = {isa = PBXFileReference; lastKnownFileType = sourcecode.swift; path = ZoomableBodyContainer.swift; sourceTree = "<group>"; };
		CD10C7FC76DF0F544781E0E3 /* WorkoutTemplate.swift */ = {isa = PBXFileReference; lastKnownFileType = sourcecode.swift; path = WorkoutTemplate.swift; sourceTree = "<group>"; };
		CD184F379DCCF4E8AD6DB545 /* MuscleFill.swift */ = {isa = PBXFileReference; lastKnownFileType = sourcecode.swift; path = MuscleFill.swift; sourceTree = "<group>"; };
		CEB69BFE13090F942B0E9AB0 /* FitRock_Icon_Preview.png */ = {isa = PBXFileReference; lastKnownFileType = image.png; path = FitRock_Icon_Preview.png; sourceTree = "<group>"; };
		D2A541C3AE25B7037F674395 /* MuscleMapSectionView.swift */ = {isa = PBXFileReference; lastKnownFileType = sourcecode.swift; path = MuscleMapSectionView.swift; sourceTree = "<group>"; };
		D7E6D8923F6CDEC6C5DF77A2 /* FitRock_Icon.svg */ = {isa = PBXFileReference; lastKnownFileType = text; path = FitRock_Icon.svg; sourceTree = "<group>"; };
		D9A767AD0FBFA24267914210 /* WorkoutExercise.swift */ = {isa = PBXFileReference; lastKnownFileType = sourcecode.swift; path = WorkoutExercise.swift; sourceTree = "<group>"; };
		DBDD499DB8F43AA2F2F3AE7C /* MuscleGroupMapper.swift */ = {isa = PBXFileReference; lastKnownFileType = sourcecode.swift; path = MuscleGroupMapper.swift; sourceTree = "<group>"; };
		DC29DBE6D4A73AB3900BDDB1 /* PRService.swift */ = {isa = PBXFileReference; lastKnownFileType = sourcecode.swift; path = PRService.swift; sourceTree = "<group>"; };
		E273489A988416AA2B664F6D /* HeatmapColorScale.swift */ = {isa = PBXFileReference; lastKnownFileType = sourcecode.swift; path = HeatmapColorScale.swift; sourceTree = "<group>"; };
		E33D37FF50191201CAED5F9C /* README.md */ = {isa = PBXFileReference; lastKnownFileType = net.daringfireball.markdown; path = README.md; sourceTree = "<group>"; };
		E5C6480BB2D39634EE2D0A1B /* ExerciseLibraryViewModel.swift */ = {isa = PBXFileReference; lastKnownFileType = sourcecode.swift; path = ExerciseLibraryViewModel.swift; sourceTree = "<group>"; };
		E70CBC7D0A47E1018148A297 /* Enums.swift */ = {isa = PBXFileReference; lastKnownFileType = sourcecode.swift; path = Enums.swift; sourceTree = "<group>"; };
		EA7E471BBC6A9A30B90D8511 /* MuscleMapFallbackView.swift */ = {isa = PBXFileReference; lastKnownFileType = sourcecode.swift; path = MuscleMapFallbackView.swift; sourceTree = "<group>"; };
		F7488DDE16031AE0301E2E9F /* Assets.xcassets */ = {isa = PBXFileReference; lastKnownFileType = folder.assetcatalog; path = Assets.xcassets; sourceTree = "<group>"; };

			A10000000000000000000001 /* Equipment.swift */ = {isa = PBXFileReference; lastKnownFileType = sourcecode.swift; path = Equipment.swift; sourceTree = "<group>"; };
			A20000000000000000000001 /* ExerciseInfo.swift */ = {isa = PBXFileReference; lastKnownFileType = sourcecode.swift; path = ExerciseInfo.swift; sourceTree = "<group>"; };
			A30000000000000000000001 /* LocalExerciseDataService.swift */ = {isa = PBXFileReference; lastKnownFileType = sourcecode.swift; path = LocalExerciseDataService.swift; sourceTree = "<group>"; };
			A40000000000000000000001 /* EquipmentDetailView.swift */ = {isa = PBXFileReference; lastKnownFileType = sourcecode.swift; path = EquipmentDetailView.swift; sourceTree = "<group>"; };
			A50000000000000000000001 /* equipments.json */ = {isa = PBXFileReference; lastKnownFileType = text.json; path = equipments.json; sourceTree = "<group>"; };
			A60000000000000000000001 /* exercises.json */ = {isa = PBXFileReference; lastKnownFileType = text.json; path = exercises.json; sourceTree = "<group>"; };
			A70000000000000000000001 /* muscle_zh_map.json */ = {isa = PBXFileReference; lastKnownFileType = text.json; path = muscle_zh_map.json; sourceTree = "<group>"; };

			C10000000000000000000001 /* FlowLayout.swift */ = {isa = PBXFileReference; lastKnownFileType = sourcecode.swift; path = FlowLayout.swift; sourceTree = "<group>"; };
			C20000000000000000000001 /* AsyncExerciseImageView.swift */ = {isa = PBXFileReference; lastKnownFileType = sourcecode.swift; path = AsyncExerciseImageView.swift; sourceTree = "<group>"; };
			C50000000000000000000001 /* ExerciseImages */ = {isa = PBXFileReference; lastKnownFileType = folder; path = ExerciseImages; sourceTree = "<group>"; };
/* End PBXFileReference section */

/* Begin PBXFrameworksBuildPhase section */
		8C7690C4F3DB989920497E74 /* Frameworks */ = {
			isa = PBXFrameworksBuildPhase;
			buildActionMask = 2147483647;
			files = (
				15E580C18E90FD0FD8D4BED3 /* SQLite in Frameworks */,
			);
			runOnlyForDeploymentPostprocessing = 0;
		};
/* End PBXFrameworksBuildPhase section */

/* Begin PBXGroup section */
		03C04F29ADE28A15E6BE1054 /* MuscleMap */ = {
			isa = PBXGroup;
			children = (
				63FC414F86A97FC0F309C0D2 /* Core */,
				82C942FCA676E4E59DB77D9A /* Data */,
				471F4A819F2A222A039EC073 /* Extensions */,
				57C2475DB07C6640B5967E5E /* Heatmap */,
				7AA9413D8D2C6463D462E283 /* Rendering */,
				3121428E9408257810600896 /* Views */,
			);
			name = MuscleMap;
			path = MuscleMap/Sources/MuscleMap;
			sourceTree = "<group>";
		};
		09A7E7244430ECE84A94D968 /* AppIcon */ = {
			isa = PBXGroup;
			children = (
				CEB69BFE13090F942B0E9AB0 /* FitRock_Icon_Preview.png */,
				D7E6D8923F6CDEC6C5DF77A2 /* FitRock_Icon.svg */,
				E33D37FF50191201CAED5F9C /* README.md */,
			);
			path = AppIcon;
			sourceTree = "<group>";
		};
		0DF6192F800E5D1838288DBB /* Products */ = {
			isa = PBXGroup;
			children = (
				58688B5A5C9593624135E7E5 /* FitRock.app */,
			);
			name = Products;
			sourceTree = "<group>";
		};
		3121428E9408257810600896 /* Views */ = {
			isa = PBXGroup;
			children = (
				A33244CA9BF45F4BB38BB82E /* AnimatedBodyView.swift */,
				79F040229BA295F3E883BF03 /* BodyAccessibilityOverlay.swift */,
				72B74CBB8FAE44B38F0CDBBD /* BodyView.swift */,
				6C6B43E6BDD1CB8DA0B3FEEE /* BodyViewStyle.swift */,
				0DAD40689CA5BD1893CECE01 /* HeatmapLegendUIView.swift */,
				07154768A3AF2D4A6993841F /* HeatmapLegendView.swift */,
				4321424ABDB483685DD824E2 /* InteractiveBodyOverlay.swift */,
				68EA400CAF4D1810346664CF /* MuscleMapView.swift */,
				596740609E5ED44AE590883C /* MuscleTooltip.swift */,
				4F44490EAE6622AAF46AF1D5 /* SelectionHistory.swift */,
				CA054B42876E8C66CBEE883B /* ZoomableBodyContainer.swift */,
			);
			path = Views;
			sourceTree = "<group>";
		};
		35AA1156FD11143AEF751CF8 /* Shared */ = {
			isa = PBXGroup;
			children = (
				8ABE520D189BB8AAA6B8C7BF /* HapticManager.swift */,
				7915A04B06CBBFD074F8BB37 /* Theme.swift */,
				C10000000000000000000001 /* FlowLayout.swift */,
				C20000000000000000000001 /* AsyncExerciseImageView.swift */,
			);
			path = Shared;
			sourceTree = "<group>";
		};
		35B51E6BA105A7CE7244818B /* App */ = {
			isa = PBXGroup;
			children = (
				6FE8E7D892070590B4051CFE /* ContentView.swift */,
				0B994B862B58085AE8EB43EB /* FitRockApp.swift */,
			);
			path = App;
			sourceTree = "<group>";
		};
		471F4A819F2A222A039EC073 /* Extensions */ = {
			isa = PBXGroup;
			children = (
				70144B3A8CDFD99ACDECBE5B /* Color+Extensions.swift */,
			);
			path = Extensions;
			sourceTree = "<group>";
		};
		55569B0062C3AC3901BD3B7D /* Home */ = {
			isa = PBXGroup;
			children = (
				80C735A0C4068F4C595463F8 /* HomeView.swift */,
				3F398DE7B7DC8D51E81EC93A /* HomeViewModel.swift */,
			);
			path = Home;
			sourceTree = "<group>";
		};
		57C2475DB07C6640B5967E5E /* Heatmap */ = {
			isa = PBXGroup;
			children = (
				1BE04594A30001B14C9B3F2B /* ColorInterpolation.swift */,
				E273489A988416AA2B664F6D /* HeatmapColorScale.swift */,
				29834FB0B5E3F6B433FD35C6 /* HeatmapConfiguration.swift */,
				CD184F379DCCF4E8AD6DB545 /* MuscleFill.swift */,
				470644EAB710EACA03AEB141 /* MuscleIntensity.swift */,
			);
			path = Heatmap;
			sourceTree = "<group>";
		};
		60895602B961746B4E4431C1 /* Database */ = {
			isa = PBXGroup;
			children = (
				9580E21705E3A554E58D0296 /* DatabaseManager.swift */,
			);
			path = Database;
			sourceTree = "<group>";
		};
		63FC414F86A97FC0F309C0D2 /* Core */ = {
			isa = PBXGroup;
			children = (
				A420446AA65309C410A53733 /* PathBuilder.swift */,
				5BAA4A7E8F66DD58EA989E93 /* SVGPathCommand.swift */,
				85514E6AB27B5C93AD53F2C1 /* SVGPathParser.swift */,
			);
			path = Core;
			sourceTree = "<group>";
		};
		6614DE262CF594388F956A55 /* Services */ = {
			isa = PBXGroup;
			children = (
				DC29DBE6D4A73AB3900BDDB1 /* PRService.swift */,
				A30000000000000000000001 /* LocalExerciseDataService.swift */,
			);
			path = Services;
			sourceTree = "<group>";
		};
		6AA737A045A70D567931715B /* Resources */ = {
			isa = PBXGroup;
			children = (
				F7488DDE16031AE0301E2E9F /* Assets.xcassets */,
				A80000000000000000000001 /* Data */,
				C50000000000000000000001 /* ExerciseImages */,
			);
			path = Resources;
			sourceTree = "<group>";
		};
		A80000000000000000000001 /* Data */ = {
			isa = PBXGroup;
			children = (
				A50000000000000000000001 /* equipments.json */,
				A60000000000000000000001 /* exercises.json */,
				A70000000000000000000001 /* muscle_zh_map.json */,
			);
			path = Data;
			sourceTree = "<group>";
		};
		7AA9413D8D2C6463D462E283 /* Rendering */ = {
			isa = PBXGroup;
			children = (
				2B184987A0C22967F5B54DC0 /* BodyRenderer.swift */,
				58FA452CA613E544A1411691 /* PathCache.swift */,
			);
			path = Rendering;
			sourceTree = "<group>";
		};
		82C942FCA676E4E59DB77D9A /* Data */ = {
			isa = PBXGroup;
			children = (
				2AC9409C9380FE2B58A43A24 /* BodyPathData.swift */,
				72594DF3921F2EB51E678B4B /* FemaleBackPaths.swift */,
				620B4558803D81B1F584F23A /* FemaleFrontPaths.swift */,
				7EBA4CF1825DD100E9FD93CB /* MaleBackPaths.swift */,
				3A0846CD85013C8B57DBDB00 /* MaleFrontPaths.swift */,
				64BF4E7FBDA39AB2BAEA9FAD /* Muscle.swift */,
				306944BE89E9A5DFA28AB296 /* MuscleSelection.swift */,
				17D44EB99BE21AB4CC74CBDD /* MuscleSide.swift */,
			);
			path = Data;
			sourceTree = "<group>";
		};
		83E5EA56676EFE99963A8996 /* Settings */ = {
			isa = PBXGroup;
			children = (
				5CDB3F5D1CB4B0DB8B8BA2D8 /* SettingsView.swift */,
			);
			path = Settings;
			sourceTree = "<group>";
		};
		9344EDB16925D80826BC5D40 /* Models */ = {
			isa = PBXGroup;
			children = (
				E70CBC7D0A47E1018148A297 /* Enums.swift */,
				17BA854EF7B85829F2FA1A92 /* Exercise.swift */,
				A80691668A9E01126FAC2607 /* ExerciseSet.swift */,
				902F2FD738B9BEFF1FC7459F /* PersonalRecord.swift */,
				2CAA94F0DCEFF0F500916EEA /* PersonalRecordEvent.swift */,
				6A2F89FA935C43B79C8E3974 /* PRType.swift */,
				3B0A1D93FD4F6E148D8D5373 /* Workout.swift */,
				D9A767AD0FBFA24267914210 /* WorkoutExercise.swift */,
				CD10C7FC76DF0F544781E0E3 /* WorkoutTemplate.swift */,
				A10000000000000000000001 /* Equipment.swift */,
				A20000000000000000000001 /* ExerciseInfo.swift */,
			);
			path = Models;
			sourceTree = "<group>";
		};
		A020E1F7730FD16FBFAB466A /* FitRock */ = {
			isa = PBXGroup;
			children = (
				35B51E6BA105A7CE7244818B /* App */,
				09A7E7244430ECE84A94D968 /* AppIcon */,
				C65FC8DCA6C426A568F5EFD7 /* Core */,
				F197BF821F59DB8A36C00452 /* Features */,
				6AA737A045A70D567931715B /* Resources */,
				35AA1156FD11143AEF751CF8 /* Shared */,
				03C04F29ADE28A15E6BE1054 /* MuscleMap */,
			);
			path = FitRock;
			sourceTree = "<group>";
		};
		B7F506ED4F116C2D8E09E931 = {
			isa = PBXGroup;
			children = (
				A020E1F7730FD16FBFAB466A /* FitRock */,
				0DF6192F800E5D1838288DBB /* Products */,
			);
			sourceTree = "<group>";
		};
		BDF6D8A188320F7B17078ED1 /* Templates */ = {
			isa = PBXGroup;
			children = (
				918FBE4602566C6886D046E4 /* TemplateEditorView.swift */,
				67F9EF14A1781D791A0137E4 /* TemplateListView.swift */,
				C6F07AB6B95F48AE612C5CD5 /* TemplateViewModel.swift */,
			);
			path = Templates;
			sourceTree = "<group>";
		};
		C65FC8DCA6C426A568F5EFD7 /* Core */ = {
			isa = PBXGroup;
			children = (
				60895602B961746B4E4431C1 /* Database */,
				9344EDB16925D80826BC5D40 /* Models */,
				6614DE262CF594388F956A55 /* Services */,
			);
			path = Core;
			sourceTree = "<group>";
		};
		E2186226AEC3434E421A118D /* Stats */ = {
			isa = PBXGroup;
			children = (
				A9B29D33B00D7A1A37D3876A /* StatsView.swift */,
				5C6920727E2B891F1504C94F /* StatsViewModel.swift */,
			);
			path = Stats;
			sourceTree = "<group>";
		};
		E6B741B388781722A5DE5114 /* ExerciseLibrary */ = {
			isa = PBXGroup;
			children = (
				982F46D2A9EFC5646224A355 /* ExerciseDetailView.swift */,
				226744D599C7645299145A4C /* ExerciseTeachingData.swift */,
				8E924DBBAB1C2B724FC94C41 /* ExerciseLibraryView.swift */,
				E5C6480BB2D39634EE2D0A1B /* ExerciseLibraryViewModel.swift */,
				DBDD499DB8F43AA2F2F3AE7C /* MuscleGroupMapper.swift */,
				EA7E471BBC6A9A30B90D8511 /* MuscleMapFallbackView.swift */,
				D2A541C3AE25B7037F674395 /* MuscleMapSectionView.swift */,
				A40000000000000000000001 /* EquipmentDetailView.swift */,
			);
			path = ExerciseLibrary;
			sourceTree = "<group>";
		};
		E74DED538766EC2371F98B0A /* Record */ = {
			isa = PBXGroup;
			children = (
				3AB1ABEC700E322AD977E310 /* ExerciseSearchView.swift */,
				547941FE44A1EC3BA6623B57 /* RecordView.swift */,
				64BB442E4A1C5714B3947AF6 /* RecordViewModel.swift */,
				C39B129C7B92DCDCFF32E52E /* WorkoutSummaryView.swift */,
			);
			path = Record;
			sourceTree = "<group>";
		};
		F197BF821F59DB8A36C00452 /* Features */ = {
			isa = PBXGroup;
			children = (
				55569B0062C3AC3901BD3B7D /* Home */,
				E74DED538766EC2371F98B0A /* Record */,
				83E5EA56676EFE99963A8996 /* Settings */,
				E2186226AEC3434E421A118D /* Stats */,
				BDF6D8A188320F7B17078ED1 /* Templates */,
				E6B741B388781722A5DE5114 /* ExerciseLibrary */,
			);
			path = Features;
			sourceTree = "<group>";
		};
/* End PBXGroup section */

/* Begin PBXNativeTarget section */
		C13FA49826EEA12A8B3BC54F /* FitRock */ = {
			isa = PBXNativeTarget;
			buildConfigurationList = 161CF0119096F167982D0981 /* Build configuration list for PBXNativeTarget "FitRock" */;
			buildPhases = (
				B58A5524C325E71A25043F1D /* Sources */,
				0EBFFA33396705919F6F94DB /* Resources */,
				8C7690C4F3DB989920497E74 /* Frameworks */,
			);
			buildRules = (
			);
			dependencies = (
			);
			name = FitRock;
			packageProductDependencies = (
				0B27030F60CAEAB693832E83 /* SQLite */,
			);
			productName = FitRock;
			productReference = 58688B5A5C9593624135E7E5 /* FitRock.app */;
			productType = "com.apple.product-type.application";
		};
/* End PBXNativeTarget section */

/* Begin PBXProject section */
		6CD3FD97BFA06B655F60E964 /* Project object */ = {
			isa = PBXProject;
			attributes = {
				BuildIndependentTargetsInParallel = YES;
				LastUpgradeCheck = 1500;
			};
			buildConfigurationList = 14D311EA834F00C88F17E5A0 /* Build configuration list for PBXProject "FitRock" */;
			compatibilityVersion = "Xcode 14.0";
			developmentRegion = en;
			hasScannedForEncodings = 0;
			knownRegions = (
				Base,
				en,
			);
			mainGroup = B7F506ED4F116C2D8E09E931;
			minimizedProjectReferenceProxies = 1;
			packageReferences = (
				059B9E7E3AADC6869E48172B /* XCRemoteSwiftPackageReference "SQLite" */,
			);
			projectDirPath = "";
			projectRoot = "";
			targets = (
				C13FA49826EEA12A8B3BC54F /* FitRock */,
			);
		};
/* End PBXProject section */

/* Begin PBXResourcesBuildPhase section */
		0EBFFA33396705919F6F94DB /* Resources */ = {
			isa = PBXResourcesBuildPhase;
			buildActionMask = 2147483647;
			files = (
				24D04737A46029652FEF792C /* Assets.xcassets in Resources */,
				2E2D0D165F9A4598EA9852EF /* FitRock_Icon.svg in Resources */,
				C3139895F3B4C60220734111 /* FitRock_Icon_Preview.png in Resources */,
				08491F807479F11762B760D2 /* README.md in Resources */,
				B50000000000000000000001 /* equipments.json in Resources */,
				B60000000000000000000001 /* exercises.json in Resources */,
				B70000000000000000000001 /* muscle_zh_map.json in Resources */,
				C60000000000000000000001 /* ExerciseImages in Resources */,
			);
			runOnlyForDeploymentPostprocessing = 0;
		};
/* End PBXResourcesBuildPhase section */

/* Begin PBXSourcesBuildPhase section */
		B58A5524C325E71A25043F1D /* Sources */ = {
			isa = PBXSourcesBuildPhase;
			buildActionMask = 2147483647;
			files = (
				3DD816BE62BAC676B069C8E9 /* ContentView.swift in Sources */,
				EBC025172110DB1A794EA890 /* DatabaseManager.swift in Sources */,
				96BBAF94BCD8029E56CF157B /* Enums.swift in Sources */,
				801A1234573D23B2A8010BDF /* Exercise.swift in Sources */,
				A4A02E9817DC20CB8E6DE179 /* ExerciseSearchView.swift in Sources */,
				2220D312186013FAC08637EE /* ExerciseSet.swift in Sources */,
				5484FD2CC9AEC912C5586864 /* FitRockApp.swift in Sources */,
				1493C566C3545CFC14955C89 /* HapticManager.swift in Sources */,
				9A6C6A26CC07E9D96FE1A3EF /* HomeView.swift in Sources */,
				82C2507A4D4695A71FAFCB0F /* HomeViewModel.swift in Sources */,
				FDFA479C75FC2142A2FF93EA /* PRService.swift in Sources */,
				DBCE2B0CB95DF8FB58653D8F /* PRType.swift in Sources */,
				1DEE96E04D9FD918562695AC /* PersonalRecord.swift in Sources */,
				2261B823E37D1D05DFF679D9 /* PersonalRecordEvent.swift in Sources */,
				CAA5B9687710DBFBA21353F5 /* RecordView.swift in Sources */,
				3EEF5E430D75718FF3515E41 /* RecordViewModel.swift in Sources */,
				F4A5586CF74B68AB93F8D05B /* SettingsView.swift in Sources */,
				31BCA7134F31CE264F02C9C6 /* StatsView.swift in Sources */,
				A2479357691777E454F86709 /* StatsViewModel.swift in Sources */,
				1A7E074EBC5D7F9A8F0E2DFD /* TemplateEditorView.swift in Sources */,
				569095CB7961FDD7ED51E503 /* TemplateListView.swift in Sources */,
				EC8A89B87181A541B9E5DF62 /* TemplateViewModel.swift in Sources */,
				C097849E9DEC24312EB87932 /* Theme.swift in Sources */,
				09C45350C02C7FF86CE3ED5B /* Workout.swift in Sources */,
				15ED353B014B71F048EB6FDA /* WorkoutExercise.swift in Sources */,
				A8E041F37AA05188FF64237F /* WorkoutSummaryView.swift in Sources */,
				A11304277C14B5AA49472BD0 /* WorkoutTemplate.swift in Sources */,
				DA1648F6AB6B74F54741EADD /* ExerciseDetailView.swift in Sources */,
				738D4FB4BE5F7F35216B1ABB /* ExerciseTeachingData.swift in Sources */,
				A09F4350AFEB2939041BDB5B /* ExerciseLibraryView.swift in Sources */,
				825743CEAD8A04D5678510E9 /* ExerciseLibraryViewModel.swift in Sources */,
				A0B1496FB8C7B26105DEE6F7 /* MuscleGroupMapper.swift in Sources */,
				E8954074877C370DEAFFCCE8 /* MuscleMapFallbackView.swift in Sources */,
				016645FFAD4A5AC9F3706E71 /* MuscleMapSectionView.swift in Sources */,
				856B4473A93332EA624BFC1E /* PathBuilder.swift in Sources */,
				08A14F77AC0EB19BDE1DAFF8 /* SVGPathCommand.swift in Sources */,
				D9454616A23E23492E35875F /* SVGPathParser.swift in Sources */,
				1B74499B89D2DB010B1C49B5 /* BodyPathData.swift in Sources */,
				0EFE4EC28EA14B32D1DE18A8 /* FemaleBackPaths.swift in Sources */,
				53354F5DA357808BFFFC7116 /* FemaleFrontPaths.swift in Sources */,
				C8C0406A8F85465CABDF715A /* MaleBackPaths.swift in Sources */,
				5B8042648C96BAB8EE7129FD /* MaleFrontPaths.swift in Sources */,
				FE4143448838DFEDE64352BC /* Muscle.swift in Sources */,
				4B4645FBA446FB9B0A71F92C /* MuscleSelection.swift in Sources */,
				A25B49D5AB52BFA50C71602C /* MuscleSide.swift in Sources */,
				857A4ABCAC4084E1C8FF64DB /* Color+Extensions.swift in Sources */,
				38BA4E55834D65007F881E80 /* ColorInterpolation.swift in Sources */,
				5A0048F1ACAD1DC582F9F041 /* HeatmapColorScale.swift in Sources */,
				89BB4A49B13BA58B08FC0CFB /* HeatmapConfiguration.swift in Sources */,
				C36047948BDBF6BBC7167525 /* MuscleFill.swift in Sources */,
				8A8D4BCEBEDE636B5C53500B /* MuscleIntensity.swift in Sources */,
				666448F1A4CF4FB1819650D4 /* BodyRenderer.swift in Sources */,
				49B74F3286530280C1D743CE /* PathCache.swift in Sources */,
				20CD449C8B022E77F91C61F9 /* AnimatedBodyView.swift in Sources */,
				2239453F94A2F6A0832ED51C /* BodyAccessibilityOverlay.swift in Sources */,
				A80F4D11963FF8698F2DA0EC /* BodyView.swift in Sources */,
				E67B45D9A8235B03B147A263 /* BodyViewStyle.swift in Sources */,
				C09D496D94F153594C64BB77 /* HeatmapLegendUIView.swift in Sources */,
				C3D141DCB5F7009E36C7CB07 /* HeatmapLegendView.swift in Sources */,
				96E343D8ADA2AF54A0DC4FB6 /* InteractiveBodyOverlay.swift in Sources */,
				486448229E27ACFA7EE47725 /* MuscleMapView.swift in Sources */,
				57F34FCF9864216D9C25A52C /* MuscleTooltip.swift in Sources */,
				4E0D45E58CB468903E55CE2F /* SelectionHistory.swift in Sources */,
				88A84FB1935BB42D74BDB771 /* ZoomableBodyContainer.swift in Sources */,
				B10000000000000000000001 /* Equipment.swift in Sources */,
				B20000000000000000000001 /* ExerciseInfo.swift in Sources */,
				B30000000000000000000001 /* LocalExerciseDataService.swift in Sources */,
				B40000000000000000000001 /* EquipmentDetailView.swift in Sources */,
				C30000000000000000000001 /* FlowLayout.swift in Sources */,
				C40000000000000000000001 /* AsyncExerciseImageView.swift in Sources */,
			);
			runOnlyForDeploymentPostprocessing = 0;
		};
/* End PBXSourcesBuildPhase section */

/* Begin XCBuildConfiguration section */
		9A3E3F1798E287932820E94B /* Debug */ = {
			isa = XCBuildConfiguration;
			buildSettings = {
				ALWAYS_SEARCH_USER_PATHS = NO;
				CLANG_ANALYZER_NONNULL = YES;
				CLANG_ANALYZER_NUMBER_OBJECT_CONVERSION = YES_AGGRESSIVE;
				CLANG_CXX_LANGUAGE_STANDARD = "gnu++14";
				CLANG_CXX_LIBRARY = "libc++";
				CLANG_ENABLE_MODULES = YES;
				CLANG_ENABLE_OBJC_ARC = YES;
				CLANG_ENABLE_OBJC_WEAK = YES;
				CLANG_WARN_BLOCK_CAPTURE_AUTORELEASING = YES;
				CLANG_WARN_BOOL_CONVERSION = YES;
				CLANG_WARN_COMMA = YES;
				CLANG_WARN_CONSTANT_CONVERSION = YES;
				CLANG_WARN_DEPRECATED_OBJC_IMPLEMENTATIONS = YES;
				CLANG_WARN_DIRECT_OBJC_ISA_USAGE = YES_ERROR;
				CLANG_WARN_DOCUMENTATION_COMMENTS = YES;
				CLANG_WARN_EMPTY_BODY = YES;
				CLANG_WARN_ENUM_CONVERSION = YES;
				CLANG_WARN_INFINITE_RECURSION = YES;
				CLANG_WARN_INT_CONVERSION = YES;
				CLANG_WARN_NON_LITERAL_NULL_CONVERSION = YES;
				CLANG_WARN_OBJC_IMPLICIT_RETAIN_SELF = YES;
				CLANG_WARN_OBJC_LITERAL_CONVERSION = YES;
				CLANG_WARN_OBJC_ROOT_CLASS = YES_ERROR;
				CLANG_WARN_QUOTED_INCLUDE_IN_FRAMEWORK_HEADER = YES;
				CLANG_WARN_RANGE_LOOP_ANALYSIS = YES;
				CLANG_WARN_STRICT_PROTOTYPES = YES;
				CLANG_WARN_SUSPICIOUS_MOVE = YES;
				CLANG_WARN_UNGUARDED_AVAILABILITY = YES_AGGRESSIVE;
				CLANG_WARN_UNREACHABLE_CODE = YES;
				CLANG_WARN__DUPLICATE_METHOD_MATCH = YES;
				COPY_PHASE_STRIP = NO;
				DEBUG_INFORMATION_FORMAT = dwarf;
				ENABLE_STRICT_OBJC_MSGSEND = YES;
				ENABLE_TESTABILITY = YES;
				GCC_C_LANGUAGE_STANDARD = gnu11;
				GCC_DYNAMIC_NO_PIC = NO;
				GCC_NO_COMMON_BLOCKS = YES;
				GCC_OPTIMIZATION_LEVEL = 0;
				GCC_PREPROCESSOR_DEFINITIONS = (
					"$(inherited)",
					"DEBUG=1",
				);
				GCC_WARN_64_TO_32_BIT_CONVERSION = YES;
				GCC_WARN_ABOUT_RETURN_TYPE = YES_ERROR;
				GCC_WARN_UNDECLARED_SELECTOR = YES;
				GCC_WARN_UNINITIALIZED_AUTOS = YES_AGGRESSIVE;
				GCC_WARN_UNUSED_FUNCTION = YES;
				GCC_WARN_UNUSED_VARIABLE = YES;
				GENERATE_INFOPLIST_FILE = YES;
				INFOPLIST_KEY_UIApplicationSceneManifest_Generation = YES;
				INFOPLIST_KEY_UILaunchScreen_Generation = YES;
				INFOPLIST_KEY_UISupportedInterfaceOrientations = UIInterfaceOrientationPortrait;
				IPHONEOS_DEPLOYMENT_TARGET = 16.0;
				MTL_ENABLE_DEBUG_INFO = INCLUDE_SOURCE;
				MTL_FAST_MATH = YES;
				ONLY_ACTIVE_ARCH = YES;
				PRODUCT_NAME = "$(TARGET_NAME)";
				SDKROOT = iphoneos;
				SWIFT_ACTIVE_COMPILATION_CONDITIONS = DEBUG;
				SWIFT_OPTIMIZATION_LEVEL = "-Onone";
				SWIFT_VERSION = 5.9;
				TARGETED_DEVICE_FAMILY = 1;
			};
			name = Debug;
		};
		B164A18D92C1D7221BF79D9D /* Release */ = {
			isa = XCBuildConfiguration;
			buildSettings = {
				ASSETCATALOG_COMPILER_APPICON_NAME = AppIcon;
				ASSETCATALOG_COMPILER_GLOBAL_ACCENT_COLOR_NAME = AccentColor;
				CODE_SIGN_IDENTITY = "iPhone Developer";
				DEVELOPMENT_TEAM = 9W9DQ54BVY;
				INFOPLIST_KEY_CFBundleDisplayName = FitRock;
				INFOPLIST_KEY_UIApplicationSceneManifest_Generation = YES;
				INFOPLIST_KEY_UILaunchScreen_Generation = YES;
				INFOPLIST_KEY_UISupportedInterfaceOrientations = UIInterfaceOrientationPortrait;
				LD_RUNPATH_SEARCH_PATHS = (
					"$(inherited)",
					"@executable_path/Frameworks",
				);
				PRODUCT_BUNDLE_IDENTIFIER = com.FitRock;
				SDKROOT = iphoneos;
				TARGETED_DEVICE_FAMILY = "1,2";
			};
			name = Release;
		};
		B9D6680563D28899571E5C7C /* Debug */ = {
			isa = XCBuildConfiguration;
			buildSettings = {
				ASSETCATALOG_COMPILER_APPICON_NAME = AppIcon;
				ASSETCATALOG_COMPILER_GLOBAL_ACCENT_COLOR_NAME = AccentColor;
				CODE_SIGN_IDENTITY = "iPhone Developer";
				DEVELOPMENT_TEAM = 9W9DQ54BVY;
				INFOPLIST_KEY_CFBundleDisplayName = FitRock;
				INFOPLIST_KEY_UIApplicationSceneManifest_Generation = YES;
				INFOPLIST_KEY_UILaunchScreen_Generation = YES;
				INFOPLIST_KEY_UISupportedInterfaceOrientations = UIInterfaceOrientationPortrait;
				LD_RUNPATH_SEARCH_PATHS = (
					"$(inherited)",
					"@executable_path/Frameworks",
				);
				PRODUCT_BUNDLE_IDENTIFIER = com.FitRock;
				SDKROOT = iphoneos;
				TARGETED_DEVICE_FAMILY = "1,2";
			};
			name = Debug;
		};
		EBC8CBF2259E42AFA5A65A6F /* Release */ = {
			isa = XCBuildConfiguration;
			buildSettings = {
				ALWAYS_SEARCH_USER_PATHS = NO;
				CLANG_ANALYZER_NONNULL = YES;
				CLANG_ANALYZER_NUMBER_OBJECT_CONVERSION = YES_AGGRESSIVE;
				CLANG_CXX_LANGUAGE_STANDARD = "gnu++14";
				CLANG_CXX_LIBRARY = "libc++";
				CLANG_ENABLE_MODULES = YES;
				CLANG_ENABLE_OBJC_ARC = YES;
				CLANG_ENABLE_OBJC_WEAK = YES;
				CLANG_WARN_BLOCK_CAPTURE_AUTORELEASING = YES;
				CLANG_WARN_BOOL_CONVERSION = YES;
				CLANG_WARN_COMMA = YES;
				CLANG_WARN_CONSTANT_CONVERSION = YES;
				CLANG_WARN_DEPRECATED_OBJC_IMPLEMENTATIONS = YES;
				CLANG_WARN_DIRECT_OBJC_ISA_USAGE = YES_ERROR;
				CLANG_WARN_DOCUMENTATION_COMMENTS = YES;
				CLANG_WARN_EMPTY_BODY = YES;
				CLANG_WARN_ENUM_CONVERSION = YES;
				CLANG_WARN_INFINITE_RECURSION = YES;
				CLANG_WARN_INT_CONVERSION = YES;
				CLANG_WARN_NON_LITERAL_NULL_CONVERSION = YES;
				CLANG_WARN_OBJC_IMPLICIT_RETAIN_SELF = YES;
				CLANG_WARN_OBJC_LITERAL_CONVERSION = YES;
				CLANG_WARN_OBJC_ROOT_CLASS = YES_ERROR;
				CLANG_WARN_QUOTED_INCLUDE_IN_FRAMEWORK_HEADER = YES;
				CLANG_WARN_RANGE_LOOP_ANALYSIS = YES;
				CLANG_WARN_STRICT_PROTOTYPES = YES;
				CLANG_WARN_SUSPICIOUS_MOVE = YES;
				CLANG_WARN_UNGUARDED_AVAILABILITY = YES_AGGRESSIVE;
				CLANG_WARN_UNREACHABLE_CODE = YES;
				CLANG_WARN__DUPLICATE_METHOD_MATCH = YES;
				COPY_PHASE_STRIP = NO;
				DEBUG_INFORMATION_FORMAT = "dwarf-with-dsym";
				ENABLE_NS_ASSERTIONS = NO;
				ENABLE_STRICT_OBJC_MSGSEND = YES;
				GCC_C_LANGUAGE_STANDARD = gnu11;
				GCC_NO_COMMON_BLOCKS = YES;
				GCC_WARN_64_TO_32_BIT_CONVERSION = YES;
				GCC_WARN_ABOUT_RETURN_TYPE = YES_ERROR;
				GCC_WARN_UNDECLARED_SELECTOR = YES;
				GCC_WARN_UNINITIALIZED_AUTOS = YES_AGGRESSIVE;
				GCC_WARN_UNUSED_FUNCTION = YES;
				GCC_WARN_UNUSED_VARIABLE = YES;
				GENERATE_INFOPLIST_FILE = YES;
				INFOPLIST_KEY_UIApplicationSceneManifest_Generation = YES;
				INFOPLIST_KEY_UILaunchScreen_Generation = YES;
				INFOPLIST_KEY_UISupportedInterfaceOrientations = UIInterfaceOrientationPortrait;
				IPHONEOS_DEPLOYMENT_TARGET = 16.0;
				MTL_ENABLE_DEBUG_INFO = NO;
				MTL_FAST_MATH = YES;
				PRODUCT_NAME = "$(TARGET_NAME)";
				SDKROOT = iphoneos;
				SWIFT_COMPILATION_MODE = wholemodule;
				SWIFT_OPTIMIZATION_LEVEL = "-O";
				SWIFT_VERSION = 5.9;
				TARGETED_DEVICE_FAMILY = 1;
			};
			name = Release;
		};
/* End XCBuildConfiguration section */

/* Begin XCConfigurationList section */
		14D311EA834F00C88F17E5A0 /* Build configuration list for PBXProject "FitRock" */ = {
			isa = XCConfigurationList;
			buildConfigurations = (
				9A3E3F1798E287932820E94B /* Debug */,
				EBC8CBF2259E42AFA5A65A6F /* Release */,
			);
			defaultConfigurationIsVisible = 0;
			defaultConfigurationName = Debug;
		};
		161CF0119096F167982D0981 /* Build configuration list for PBXNativeTarget "FitRock" */ = {
			isa = XCConfigurationList;
			buildConfigurations = (
				B9D6680563D28899571E5C7C /* Debug */,
				B164A18D92C1D7221BF79D9D /* Release */,
			);
			defaultConfigurationIsVisible = 0;
			defaultConfigurationName = Debug;
		};
/* End XCConfigurationList section */

/* Begin XCRemoteSwiftPackageReference section */
		059B9E7E3AADC6869E48172B /* XCRemoteSwiftPackageReference "SQLite" */ = {
			isa = XCRemoteSwiftPackageReference;
			repositoryURL = "https://github.com/stephencelis/SQLite.swift";
			requirement = {
				kind = upToNextMajorVersion;
				minimumVersion = 0.15.0;
			};
		};
/* End XCRemoteSwiftPackageReference section */

/* Begin XCSwiftPackageProductDependency section */
		0B27030F60CAEAB693832E83 /* SQLite */ = {
			isa = XCSwiftPackageProductDependency;
			package = 059B9E7E3AADC6869E48172B /* XCRemoteSwiftPackageReference "SQLite" */;
			productName = SQLite;
		};
/* End XCSwiftPackageProductDependency section */
	};
	rootObject = 6CD3FD97BFA06B655F60E964 /* Project object */;
}
